
Microsoft Visual Studio Solution File, Format Version 12.00
# Visual Studio Version 17
VisualStudioVersion = 17.7.34024.191
MinimumVisualStudioVersion = 10.0.40219.1
Project("{2150E333-8FDC-42A3-9474-1A3956D46DE8}") = "Task0", "Task0", "{4D2AE84B-BE51-4CEC-9F4D-C9A0B6F2BC88}"
EndProject
Project("{FAE04EC0-301F-11D3-BF4B-00C04F79EFBC}") = "Tyuiu.PetrovNE.Sprint5.Task0.V6", "Tyuiu.PetrovNE.Sprint5.Task0.V6\Tyuiu.PetrovNE.Sprint5.Task0.V6.csproj", "{359C8F88-11B3-452F-92A8-A4255EA08F64}"
EndProject
Project("{FAE04EC0-301F-11D3-BF4B-00C04F79EFBC}") = "Tyuiu.PetrovNE.Sprint5.Task0.V6.Lib", "Tyuiu.PetrovNE.Sprint5.Task0.V6.Lib\Tyuiu.PetrovNE.Sprint5.Task0.V6.Lib.csproj", "{3E7FD659-C232-4E08-834F-B5B5D0764119}"
EndProject
Project("{FAE04EC0-301F-11D3-BF4B-00C04F79EFBC}") = "Tyuiu.PetrovNE.Sprint5.Task0.V6.Test", "Tyuiu.PetrovNE.Sprint5.Task0.V6.Test\Tyuiu.PetrovNE.Sprint5.Task0.V6.Test.csproj", "{757FB2BA-C98F-4D42-8BC8-DD6432023800}"
EndProject
Project("{2150E333-8FDC-42A3-9474-1A3956D46DE8}") = "Task1", "Task1", "{59D15565-83A3-4282-9908-F502B13240AE}"
EndProject
Project("{FAE04EC0-301F-11D3-BF4B-00C04F79EFBC}") = "Tyuiu.PetrovNE.Sprint5.Task1.V10", "Tyuiu.PetrovNE.Sprint5.Task1.V10\Tyuiu.PetrovNE.Sprint5.Task1.V10.csproj", "{74437FD6-E3CC-4722-A6B4-C1C050C2B2F1}"
EndProject
Project("{FAE04EC0-301F-11D3-BF4B-00C04F79EFBC}") = "Tyuiu.PetrovNE.Sprint5.Task1.V10.Lib", "Tyuiu.PetrovNE.Sprint5.Task1.V10.Lib\Tyuiu.PetrovNE.Sprint5.Task1.V10.Lib.csproj", "{F425AFEC-4A8A-4018-9682-8A3B4E8892B2}"
EndProject
Project("{FAE04EC0-301F-11D3-BF4B-00C04F79EFBC}") = "Tyuiu.PetrovNE.Sprint5.Task1.V10.Test", "Tyuiu.PetrovNE.Sprint5.Task1.V10.Test\Tyuiu.PetrovNE.Sprint5.Task1.V10.Test.csproj", "{F22252B7-AC7C-46AA-A0D4-3EC4E3A4F373}"
EndProject
Project("{2150E333-8FDC-42A3-9474-1A3956D46DE8}") = "Task2", "Task2", "{FE86983C-5A69-4608-BA0A-974F3457D914}"
EndProject
Project("{FAE04EC0-301F-11D3-BF4B-00C04F79EFBC}") = "Tyuiu.PetrovNE.Sprint5.Task2.V9", "Tyuiu.PetrovNE.Sprint5.Task2.V9\Tyuiu.PetrovNE.Sprint5.Task2.V9.csproj", "{19A9BC08-1C32-45FE-9064-C78D59FE35C3}"
EndProject
Project("{FAE04EC0-301F-11D3-BF4B-00C04F79EFBC}") = "Tyuiu.PetrovNE.Sprint5.Task2.V9.Lib", "Tyuiu.PetrovNE.Sprint5.Task2.V9.Lib\Tyuiu.PetrovNE.Sprint5.Task2.V9.Lib.csproj", "{BBA24904-D740-42B5-92EC-B28BE1AB87C0}"
EndProject
Project("{FAE04EC0-301F-11D3-BF4B-00C04F79EFBC}") = "Tyuiu.PetrovNE.Sprint5.Task2.V9.Test", "Tyuiu.PetrovNE.Sprint5.Task2.V9.Test\Tyuiu.PetrovNE.Sprint5.Task2.V9.Test.csproj", "{C3CB2EA9-6455-4F31-BCFD-69B4F8B4B4C7}"
EndProject
Global
	GlobalSection(SolutionConfigurationPlatforms) = preSolution
		Debug|Any CPU = Debug|Any CPU
		Release|Any CPU = Release|Any CPU
	EndGlobalSection
	GlobalSection(ProjectConfigurationPlatforms) = postSolution
		{359C8F88-11B3-452F-92A8-A4255EA08F64}.Debug|Any CPU.ActiveCfg = Debug|Any CPU
		{359C8F88-11B3-452F-92A8-A4255EA08F64}.Debug|Any CPU.Build.0 = Debug|Any CPU
		{359C8F88-11B3-452F-92A8-A4255EA08F64}.Release|Any CPU.ActiveCfg = Release|Any CPU
		{359C8F88-11B3-452F-92A8-A4255EA08F64}.Release|Any CPU.Build.0 = Release|Any CPU
		{3E7FD659-C232-4E08-834F-B5B5D0764119}.Debug|Any CPU.ActiveCfg = Debug|Any CPU
		{3E7FD659-C232-4E08-834F-B5B5D0764119}.Debug|Any CPU.Build.0 = Debug|Any CPU
		{3E7FD659-C232-4E08-834F-B5B5D0764119}.Release|Any CPU.ActiveCfg = Release|Any CPU
		{3E7FD659-C232-4E08-834F-B5B5D0764119}.Release|Any CPU.Build.0 = Release|Any CPU
		{757FB2BA-C98F-4D42-8BC8-DD6432023800}.Debug|Any CPU.ActiveCfg = Debug|Any CPU
		{757FB2BA-C98F-4D42-8BC8-DD6432023800}.Debug|Any CPU.Build.0 = Debug|Any CPU
		{757FB2BA-C98F-4D42-8BC8-DD6432023800}.Release|Any CPU.ActiveCfg = Release|Any CPU
		{757FB2BA-C98F-4D42-8BC8-DD6432023800}.Release|Any CPU.Build.0 = Release|Any CPU
		{74437FD6-E3CC-4722-A6B4-C1C050C2B2F1}.Debug|Any CPU.ActiveCfg = Debug|Any CPU
		{74437FD6-E3CC-4722-A6B4-C1C050C2B2F1}.Debug|Any CPU.Build.0 = Debug|Any CPU
		{74437FD6-E3CC-4722-A6B4-C1C050C2B2F1}.Release|Any CPU.ActiveCfg = Release|Any CPU
		{74437FD6-E3CC-4722-A6B4-C1C050C2B2F1}.Release|Any CPU.Build.0 = Release|Any CPU
		{F425AFEC-4A8A-4018-9682-8A3B4E8892B2}.Debug|Any CPU.ActiveCfg = Debug|Any CPU
		{F425AFEC-4A8A-4018-9682-8A3B4E8892B2}.Debug|Any CPU.Build.0 = Debug|Any CPU
		{F425AFEC-4A8A-4018-9682-8A3B4E8892B2}.Release|Any CPU.ActiveCfg = Release|Any CPU
		{F425AFEC-4A8A-4018-9682-8A3B4E8892B2}.Release|Any CPU.Build.0 = Release|Any CPU
		{F22252B7-AC7C-46AA-A0D4-3EC4E3A4F373}.Debug|Any CPU.ActiveCfg = Debug|Any CPU
		{F22252B7-AC7C-46AA-A0D4-3EC4E3A4F373}.Debug|Any CPU.Build.0 = Debug|Any CPU
		{F22252B7-AC7C-46AA-A0D4-3EC4E3A4F373}.Release|Any CPU.ActiveCfg = Release|Any CPU
		{F22252B7-AC7C-46AA-A0D4-3EC4E3A4F373}.Release|Any CPU.Build.0 = Release|Any CPU
		{19A9BC08-1C32-45FE-9064-C78D59FE35C3}.Debug|Any CPU.ActiveCfg = Debug|Any CPU
		{19A9BC08-1C32-45FE-9064-C78D59FE35C3}.Debug|Any CPU.Build.0 = Debug|Any CPU
		{19A9BC08-1C32-45FE-9064-C78D59FE35C3}.Release|Any CPU.ActiveCfg = Release|Any CPU
		{19A9BC08-1C32-45FE-9064-C78D59FE35C3}.Release|Any CPU.Build.0 = Release|Any CPU
		{BBA24904-D740-42B5-92EC-B28BE1AB87C0}.Debug|Any CPU.ActiveCfg = Debug|Any CPU
		{BBA24904-D740-42B5-92EC-B28BE1AB87C0}.Debug|Any CPU.Build.0 = Debug|Any CPU
		{BBA24904-D740-42B5-92EC-B28BE1AB87C0}.Release|Any CPU.ActiveCfg = Release|Any CPU
		{BBA24904-D740-42B5-92EC-B28BE1AB87C0}.Release|Any CPU.Build.0 = Release|Any CPU
		{C3CB2EA9-6455-4F31-BCFD-69B4F8B4B4C7}.Debug|Any CPU.ActiveCfg = Debug|Any CPU
		{C3CB2EA9-6455-4F31-BCFD-69B4F8B4B4C7}.Debug|Any CPU.Build.0 = Debug|Any CPU
		{C3CB2EA9-6455-4F31-BCFD-69B4F8B4B4C7}.Release|Any CPU.ActiveCfg = Release|Any CPU
		{C3CB2EA9-6455-4F31-BCFD-69B4F8B4B4C7}.Release|Any CPU.Build.0 = Release|Any CPU
	EndGlobalSection
	GlobalSection(SolutionProperties) = preSolution
		HideSolutionNode = FALSE
	EndGlobalSection
	GlobalSection(NestedProjects) = preSolution
		{359C8F88-11B3-452F-92A8-A4255EA08F64} = {4D2AE84B-BE51-4CEC-9F4D-C9A0B6F2BC88}
		{3E7FD659-C232-4E08-834F-B5B5D0764119} = {4D2AE84B-BE51-4CEC-9F4D-C9A0B6F2BC88}
		{757FB2BA-C98F-4D42-8BC8-DD6432023800} = {4D2AE84B-BE51-4CEC-9F4D-C9A0B6F2BC88}
		{74437FD6-E3CC-4722-A6B4-C1C050C2B2F1} = {59D15565-83A3-4282-9908-F502B13240AE}
		{F425AFEC-4A8A-4018-9682-8A3B4E8892B2} = {59D15565-83A3-4282-9908-F502B13240AE}
		{F22252B7-AC7C-46AA-A0D4-3EC4E3A4F373} = {59D15565-83A3-4282-9908-F502B13240AE}
		{19A9BC08-1C32-45FE-9064-C78D59FE35C3} = {FE86983C-5A69-4608-BA0A-974F3457D914}
		{BBA24904-D740-42B5-92EC-B28BE1AB87C0} = {FE86983C-5A69-4608-BA0A-974F3457D914}
		{C3CB2EA9-6455-4F31-BCFD-69B4F8B4B4C7} = {FE86983C-5A69-4608-BA0A-974F3457D914}
	EndGlobalSection
	GlobalSection(ExtensibilityGlobals) = postSolution
		SolutionGuid = {81F53BFF-7A1A-4CEB-9994-6FD14194118E}
	EndGlobalSection
EndGlobal
